
Microsoft Visual Studio Solution File, Format Version 12.00
# Visual Studio Version 17
VisualStudioVersion = 17.4.33205.214
MinimumVisualStudioVersion = 10.0.40219.1
Project("{FAE04EC0-301F-11D3-BF4B-00C04F79EFBC}") = "22125_22127_Proj1ED", "22125_22127_Proj1ED\22125_22127_Proj1ED.csproj", "{C2FDB035-3A93-4A08-B0F7-28075306612F}"
EndProject
Global
	GlobalSection(SolutionConfigurationPlatforms) = preSolution
		Debug|Any CPU = Debug|Any CPU
		Release|Any CPU = Release|Any CPU
	EndGlobalSection
	GlobalSection(ProjectConfigurationPlatforms) = postSolution
		{C2FDB035-3A93-4A08-B0F7-28075306612F}.Debug|Any CPU.ActiveCfg = Debug|Any CPU
		{C2FDB035-3A93-4A08-B0F7-28075306612F}.Debug|Any CPU.Build.0 = Debug|Any CPU
		{C2FDB035-3A93-4A08-B0F7-28075306612F}.Release|Any CPU.ActiveCfg = Release|Any CPU
		{C2FDB035-3A93-4A08-B0F7-28075306612F}.Release|Any CPU.Build.0 = Release|Any CPU
	EndGlobalSection
	GlobalSection(SolutionProperties) = preSolution
		HideSolutionNode = FALSE
	EndGlobalSection
	GlobalSection(ExtensibilityGlobals) = postSolution
		SolutionGuid = {0DF275CD-6E79-4E88-8D90-BE08B6B9DD92}
	EndGlobalSection
EndGlobal
